
Microsoft Visual Studio Solution File, Format Version 12.00
# Visual Studio Version 16
VisualStudioVersion = 16.0.30523.141
MinimumVisualStudioVersion = 10.0.40219.1
Project("{9A19103F-16F7-4668-BE54-9A1E7A4F7556}") = "ExampleAPI.Web", "src\ExampleAPI.Web\ExampleAPI.Web.csproj", "{D69227E7-A7A8-4C63-829A-93CB2F4A7407}"
	ProjectSection(ProjectDependencies) = postProject
		{1890F422-2745-4018-878B-F64B92BCA961} = {1890F422-2745-4018-878B-F64B92BCA961}
	EndProjectSection
EndProject
Project("{9A19103F-16F7-4668-BE54-9A1E7A4F7556}") = "ExampleAPI.Data", "src\ExampleAPI.Data\ExampleAPI.Data.csproj", "{BC21C9C6-ADC4-4DDF-BD41-F03C030DAD15}"
EndProject
Project("{9A19103F-16F7-4668-BE54-9A1E7A4F7556}") = "ExampleAPI.Repository", "src\ExampleAPI.Repository\ExampleAPI.Repository.csproj", "{1890F422-2745-4018-878B-F64B92BCA961}"
EndProject
Global
	GlobalSection(SolutionConfigurationPlatforms) = preSolution
		Debug|Any CPU = Debug|Any CPU
		Release|Any CPU = Release|Any CPU
	EndGlobalSection
	GlobalSection(ProjectConfigurationPlatforms) = postSolution
		{D69227E7-A7A8-4C63-829A-93CB2F4A7407}.Debug|Any CPU.ActiveCfg = Debug|Any CPU
		{D69227E7-A7A8-4C63-829A-93CB2F4A7407}.Debug|Any CPU.Build.0 = Debug|Any CPU
		{D69227E7-A7A8-4C63-829A-93CB2F4A7407}.Release|Any CPU.ActiveCfg = Release|Any CPU
		{D69227E7-A7A8-4C63-829A-93CB2F4A7407}.Release|Any CPU.Build.0 = Release|Any CPU
		{BC21C9C6-ADC4-4DDF-BD41-F03C030DAD15}.Debug|Any CPU.ActiveCfg = Debug|Any CPU
		{BC21C9C6-ADC4-4DDF-BD41-F03C030DAD15}.Debug|Any CPU.Build.0 = Debug|Any CPU
		{BC21C9C6-ADC4-4DDF-BD41-F03C030DAD15}.Release|Any CPU.ActiveCfg = Release|Any CPU
		{BC21C9C6-ADC4-4DDF-BD41-F03C030DAD15}.Release|Any CPU.Build.0 = Release|Any CPU
		{1890F422-2745-4018-878B-F64B92BCA961}.Debug|Any CPU.ActiveCfg = Debug|Any CPU
		{1890F422-2745-4018-878B-F64B92BCA961}.Debug|Any CPU.Build.0 = Debug|Any CPU
		{1890F422-2745-4018-878B-F64B92BCA961}.Release|Any CPU.ActiveCfg = Release|Any CPU
		{1890F422-2745-4018-878B-F64B92BCA961}.Release|Any CPU.Build.0 = Release|Any CPU
	EndGlobalSection
	GlobalSection(SolutionProperties) = preSolution
		HideSolutionNode = FALSE
	EndGlobalSection
	GlobalSection(ExtensibilityGlobals) = postSolution
		SolutionGuid = {ADA56933-5E41-4F1A-A804-201D16A83CED}
	EndGlobalSection
EndGlobal
